
Microsoft Visual Studio Solution File, Format Version 12.00
# Visual Studio Version 16
VisualStudioVersion = 16.0.30413.136
MinimumVisualStudioVersion = 10.0.40219.1
Project("{8BC9CEB8-8B4A-11D0-8D11-00A0C91BC942}") = "Project", "Project\Project.vcxproj", "{B672F779-AEBC-40C9-9468-D978A1FE97B0}"
EndProject
Project("{8BC9CEB8-8B4A-11D0-8D11-00A0C91BC942}") = "DirectXTex", "DirectXTex-main\DirectXTex\DirectXTex_Desktop_2019_Win10.vcxproj", "{371B9FA9-4C90-4AC6-A123-ACED756D6C77}"
EndProject
Global
	GlobalSection(SolutionConfigurationPlatforms) = preSolution
		Debug|ARM64 = Debug|ARM64
		Debug|Win32 = Debug|Win32
		Debug|x64 = Debug|x64
		Profile|ARM64 = Profile|ARM64
		Profile|Win32 = Profile|Win32
		Profile|x64 = Profile|x64
		Release|ARM64 = Release|ARM64
		Release|Win32 = Release|Win32
		Release|x64 = Release|x64
	EndGlobalSection
	GlobalSection(ProjectConfigurationPlatforms) = postSolution
		{B672F779-AEBC-40C9-9468-D978A1FE97B0}.Debug|ARM64.ActiveCfg = Debug|Win32
		{B672F779-AEBC-40C9-9468-D978A1FE97B0}.Debug|Win32.ActiveCfg = Debug|Win32
		{B672F779-AEBC-40C9-9468-D978A1FE97B0}.Debug|Win32.Build.0 = Debug|Win32
		{B672F779-AEBC-40C9-9468-D978A1FE97B0}.Debug|x64.ActiveCfg = Debug|Win32
		{B672F779-AEBC-40C9-9468-D978A1FE97B0}.Profile|ARM64.ActiveCfg = Release|Win32
		{B672F779-AEBC-40C9-9468-D978A1FE97B0}.Profile|ARM64.Build.0 = Release|Win32
		{B672F779-AEBC-40C9-9468-D978A1FE97B0}.Profile|Win32.ActiveCfg = Release|Win32
		{B672F779-AEBC-40C9-9468-D978A1FE97B0}.Profile|Win32.Build.0 = Release|Win32
		{B672F779-AEBC-40C9-9468-D978A1FE97B0}.Profile|x64.ActiveCfg = Release|Win32
		{B672F779-AEBC-40C9-9468-D978A1FE97B0}.Profile|x64.Build.0 = Release|Win32
		{B672F779-AEBC-40C9-9468-D978A1FE97B0}.Release|ARM64.ActiveCfg = Release|Win32
		{B672F779-AEBC-40C9-9468-D978A1FE97B0}.Release|Win32.ActiveCfg = Release|Win32
		{B672F779-AEBC-40C9-9468-D978A1FE97B0}.Release|Win32.Build.0 = Release|Win32
		{B672F779-AEBC-40C9-9468-D978A1FE97B0}.Release|x64.ActiveCfg = Release|Win32
		{371B9FA9-4C90-4AC6-A123-ACED756D6C77}.Debug|ARM64.ActiveCfg = Debug|ARM64
		{371B9FA9-4C90-4AC6-A123-ACED756D6C77}.Debug|ARM64.Build.0 = Debug|ARM64
		{371B9FA9-4C90-4AC6-A123-ACED756D6C77}.Debug|Win32.ActiveCfg = Debug|Win32
		{371B9FA9-4C90-4AC6-A123-ACED756D6C77}.Debug|Win32.Build.0 = Debug|Win32
		{371B9FA9-4C90-4AC6-A123-ACED756D6C77}.Debug|x64.ActiveCfg = Debug|x64
		{371B9FA9-4C90-4AC6-A123-ACED756D6C77}.Debug|x64.Build.0 = Debug|x64
		{371B9FA9-4C90-4AC6-A123-ACED756D6C77}.Profile|ARM64.ActiveCfg = Profile|ARM64
		{371B9FA9-4C90-4AC6-A123-ACED756D6C77}.Profile|ARM64.Build.0 = Profile|ARM64
		{371B9FA9-4C90-4AC6-A123-ACED756D6C77}.Profile|Win32.ActiveCfg = Profile|Win32
		{371B9FA9-4C90-4AC6-A123-ACED756D6C77}.Profile|Win32.Build.0 = Profile|Win32
		{371B9FA9-4C90-4AC6-A123-ACED756D6C77}.Profile|x64.ActiveCfg = Profile|x64
		{371B9FA9-4C90-4AC6-A123-ACED756D6C77}.Profile|x64.Build.0 = Profile|x64
		{371B9FA9-4C90-4AC6-A123-ACED756D6C77}.Release|ARM64.ActiveCfg = Release|ARM64
		{371B9FA9-4C90-4AC6-A123-ACED756D6C77}.Release|ARM64.Build.0 = Release|ARM64
		{371B9FA9-4C90-4AC6-A123-ACED756D6C77}.Release|Win32.ActiveCfg = Release|Win32
		{371B9FA9-4C90-4AC6-A123-ACED756D6C77}.Release|Win32.Build.0 = Release|Win32
		{371B9FA9-4C90-4AC6-A123-ACED756D6C77}.Release|x64.ActiveCfg = Release|x64
		{371B9FA9-4C90-4AC6-A123-ACED756D6C77}.Release|x64.Build.0 = Release|x64
	EndGlobalSection
	GlobalSection(SolutionProperties) = preSolution
		HideSolutionNode = FALSE
	EndGlobalSection
	GlobalSection(ExtensibilityGlobals) = postSolution
		SolutionGuid = {477EF649-63BC-45A0-9F18-0E6DEBECB5BD}
	EndGlobalSection
EndGlobal
